
Microsoft Visual Studio Solution File, Format Version 12.00
# Visual Studio Version 16
VisualStudioVersion = 16.0.31321.278
MinimumVisualStudioVersion = 10.0.40219.1
Project("{FAE04EC0-301F-11D3-BF4B-00C04F79EFBC}") = "Communopoly", "Communopoly\Communopoly.csproj", "{2A181B7D-A1E1-4675-9EA9-AF7FDDFEC30A}"
EndProject
Global
	GlobalSection(SolutionConfigurationPlatforms) = preSolution
		Debug|Any CPU = Debug|Any CPU
		Release|Any CPU = Release|Any CPU
	EndGlobalSection
	GlobalSection(ProjectConfigurationPlatforms) = postSolution
		{2A181B7D-A1E1-4675-9EA9-AF7FDDFEC30A}.Debug|Any CPU.ActiveCfg = Debug|Any CPU
		{2A181B7D-A1E1-4675-9EA9-AF7FDDFEC30A}.Debug|Any CPU.Build.0 = Debug|Any CPU
		{2A181B7D-A1E1-4675-9EA9-AF7FDDFEC30A}.Release|Any CPU.ActiveCfg = Release|Any CPU
		{2A181B7D-A1E1-4675-9EA9-AF7FDDFEC30A}.Release|Any CPU.Build.0 = Release|Any CPU
	EndGlobalSection
	GlobalSection(SolutionProperties) = preSolution
		HideSolutionNode = FALSE
	EndGlobalSection
	GlobalSection(ExtensibilityGlobals) = postSolution
		SolutionGuid = {36DB67B9-450F-4F0F-88E3-B322013DDB3B}
	EndGlobalSection
EndGlobal
